PODS:
  - DataBindingLib (1.0.0)
  - JSPatch (0.2):
    - JSPatch/Core (= 0.2)
  - JSPatch/Core (0.2)
  - KissXML (5.0.3):
    - KissXML/Standard (= 5.0.3)
  - KissXML/Core (5.0.3)
  - KissXML/Standard (5.0.3):
    - KissXML/Core
  - Kiwi (2.4.0)
  - PlaceHolderViewLib (1.0.1)
  - ReactiveCocoa (4.1.0):
    - ReactiveCocoa/UI (= 4.1.0)
    - Result (~> 2.0)
  - ReactiveCocoa/Core (4.1.0):
    - ReactiveCocoa/no-arc
    - Result (~> 2.0)
  - ReactiveCocoa/no-arc (4.1.0):
    - Result (~> 2.0)
  - ReactiveCocoa/UI (4.1.0):
    - ReactiveCocoa/Core
    - Result (~> 2.0)
  - Result (2.0.0)

DEPENDENCIES:
  - DataBindingLib
  - JSPatch
  - KissXML
  - Kiwi
  - PlaceHolderViewLib
  - ReactiveCocoa

SPEC CHECKSUMS:
  DataBindingLib: 69f0e66cc164292ecd1226d6dd1f90695e3d1681
  JSPatch: 23dcceeec8f8357644f8ef70eb002ef2dbd830de
  KissXML: d19dd6dc65e0dc721ba92b3077b8ebdd240f1c1e
  Kiwi: f49c9d54b28917df5928fe44968a39ed198cb8a8
  PlaceHolderViewLib: 0372b954482cd22fca7da138ea6f45b4ad94990d
  ReactiveCocoa: d70004d7a366a7b8e87e60ce2347182c77701949
  Result: 9e75e1111c774c6ac594e14907b15057053a7959

COCOAPODS: 0.39.0
