PODS:
  - AFNetworking (3.1.0):
    - AFNetworking/NSURLSession (= 3.1.0)
    - AFNetworking/Reachability (= 3.1.0)
    - AFNetworking/Security (= 3.1.0)
    - AFNetworking/Serialization (= 3.1.0)
    - AFNetworking/UIKit (= 3.1.0)
  - AFNetworking/NSURLSession (3.1.0):
    - AFNetworking/Reachability
    - AFNetworking/Security
    - AFNetworking/Serialization
  - AFNetworking/Reachability (3.1.0)
  - AFNetworking/Security (3.1.0)
  - AFNetworking/Serialization (3.1.0)
  - AFNetworking/UIKit (3.1.0):
    - AFNetworking/NSURLSession
  - BEMCheckBox (1.2.1)
  - FBRetainCycleDetector (0.1.2)
  - FMDB (2.6.2):
    - FMDB/standard (= 2.6.2)
  - FMDB/standard (2.6.2)
  - Fundamental (0.1.0):
    - AFNetworking
    - KissXML
  - JSPatch (1.0):
    - JSPatch/Core (= 1.0)
  - JSPatch/Core (1.0)
  - KissXML (5.0.3):
    - KissXML/Standard (= 5.0.3)
  - KissXML/Core (5.0.3)
  - KissXML/Standard (5.0.3):
    - KissXML/Core
  - Kiwi (2.4.0)
  - PlaceHolderViewLib (1.0.3)
  - ReactiveCocoa (4.1.0):
    - ReactiveCocoa/UI (= 4.1.0)
    - Result (~> 2.0)
  - ReactiveCocoa/Core (4.1.0):
    - ReactiveCocoa/no-arc
    - Result (~> 2.0)
  - ReactiveCocoa/no-arc (4.1.0):
    - Result (~> 2.0)
  - ReactiveCocoa/UI (4.1.0):
    - ReactiveCocoa/Core
    - Result (~> 2.0)
  - Result (2.0.0)

DEPENDENCIES:
  - AFNetworking
  - BEMCheckBox
  - FBRetainCycleDetector
  - FMDB
  - Fundamental (from `Fundamental/Fundamental.podspec`)
  - JSPatch
  - KissXML
  - Kiwi
  - PlaceHolderViewLib
  - ReactiveCocoa

EXTERNAL SOURCES:
  Fundamental:
    :path: Fundamental/Fundamental.podspec

SPEC CHECKSUMS:
  AFNetworking: 5e0e199f73d8626b11e79750991f5d173d1f8b67
  BEMCheckBox: 264b8b72aa92adbfefa265cc58a0cdb86b207b9f
  FBRetainCycleDetector: 45462f9ed1af0cd77224a4cc4e6dacaca47371b4
  FMDB: 854a0341b4726e53276f2a8996f06f1b80f9259a
  Fundamental: b9edee01f9ec49c50426618ea8882bde1bd627fb
  JSPatch: c689ea4dde17441f2f4a95d40dfedb8900c20099
  KissXML: d19dd6dc65e0dc721ba92b3077b8ebdd240f1c1e
  Kiwi: f49c9d54b28917df5928fe44968a39ed198cb8a8
  PlaceHolderViewLib: abd94449271164424bd64b6f8b7945de8f5b7302
  ReactiveCocoa: d70004d7a366a7b8e87e60ce2347182c77701949
  Result: 9e75e1111c774c6ac594e14907b15057053a7959

COCOAPODS: 0.39.0
