PODS:
  - AFNetworking (3.1.0):
    - AFNetworking/NSURLSession (= 3.1.0)
    - AFNetworking/Reachability (= 3.1.0)
    - AFNetworking/Security (= 3.1.0)
    - AFNetworking/Serialization (= 3.1.0)
    - AFNetworking/UIKit (= 3.1.0)
  - AFNetworking/NSURLSession (3.1.0):
    - AFNetworking/Reachability
    - AFNetworking/Security
    - AFNetworking/Serialization
  - AFNetworking/Reachability (3.1.0)
  - AFNetworking/Security (3.1.0)
  - AFNetworking/Serialization (3.1.0)
  - AFNetworking/UIKit (3.1.0):
    - AFNetworking/NSURLSession
  - DataBindingLib (1.0.0)
  - Fundamental (0.1.0):
    - AFNetworking
    - KissXML
  - JSPatch (0.2):
    - JSPatch/Core (= 0.2)
  - JSPatch/Core (0.2)
  - KissXML (5.0.3):
    - KissXML/Standard (= 5.0.3)
  - KissXML/Core (5.0.3)
  - KissXML/Standard (5.0.3):
    - KissXML/Core
  - Kiwi (2.4.0)
  - PlaceHolderViewLib (1.0.1)
  - ReactiveCocoa (4.0.1):
    - ReactiveCocoa/UI (= 4.0.1)
    - Result (~> 1.0.2)
  - ReactiveCocoa/Core (4.0.1):
    - ReactiveCocoa/no-arc
    - Result (~> 1.0.2)
  - ReactiveCocoa/no-arc (4.0.1):
    - Result (~> 1.0.2)
  - ReactiveCocoa/UI (4.0.1):
    - ReactiveCocoa/Core
    - Result (~> 1.0.2)
  - Result (1.0.2)

DEPENDENCIES:
  - DataBindingLib
  - Fundamental (from `Fundamental/Fundamental.podspec`)
  - JSPatch
  - KissXML
  - Kiwi
  - PlaceHolderViewLib
  - ReactiveCocoa (= 4.0.1)

EXTERNAL SOURCES:
  Fundamental:
    :path: Fundamental/Fundamental.podspec

SPEC CHECKSUMS:
  AFNetworking: 5e0e199f73d8626b11e79750991f5d173d1f8b67
  DataBindingLib: 69f0e66cc164292ecd1226d6dd1f90695e3d1681
  Fundamental: 2c5a0ffd8f210310e4fa0b5f807f9fbaaab299a8
  JSPatch: 23dcceeec8f8357644f8ef70eb002ef2dbd830de
  KissXML: d19dd6dc65e0dc721ba92b3077b8ebdd240f1c1e
  Kiwi: f49c9d54b28917df5928fe44968a39ed198cb8a8
  PlaceHolderViewLib: 0372b954482cd22fca7da138ea6f45b4ad94990d
  ReactiveCocoa: f7011630aee4deeb16352fcb1b50d6bde9db4f90
  Result: dd3dd71af3fa2e262f1a999e14fba2c25ec14f16

COCOAPODS: 0.39.0
