// !$*UTF8*$!
{
	archiveVersion = 1;
	classes = {
	};
	objectVersion = 46;
	objects = {

/* Begin PBXBuildFile section */
		729EB064A03B7FBA6838CC83 /* libPods-TestAppTests.a in Frameworks */ = {isa = PBXBuildFile; fileRef = 60634101F918501C427940EF /* libPods-TestAppTests.a */; };
		A3EFFCE92F8A0B5AEEDF5AB3 /* libPods.a in Frameworks */ = {isa = PBXBuildFile; fileRef = 249A6AF78E04FA3467958C87 /* libPods.a */; };
		DA2A44A71C85727300CC2F3F /* MenuViewController.m in Sources */ = {isa = PBXBuildFile; fileRef = DA2A44A41C85727300CC2F3F /* MenuViewController.m */; };
		DA2A44A81C85727300CC2F3F /* SlideMenuRootViewController.m in Sources */ = {isa = PBXBuildFile; fileRef = DA2A44A61C85727300CC2F3F /* SlideMenuRootViewController.m */; };
		DA2A44AB1C8572F100CC2F3F /* LeftSideViewController.m in Sources */ = {isa = PBXBuildFile; fileRef = DA2A44AA1C8572F100CC2F3F /* LeftSideViewController.m */; };
		DA59CD541C8FC26800DDC91A /* JPLoader.m in Sources */ = {isa = PBXBuildFile; fileRef = DA59CD421C8FC26800DDC91A /* JPLoader.m */; };
		DA59CD551C8FC26800DDC91A /* ioapi.c in Sources */ = {isa = PBXBuildFile; fileRef = DA59CD461C8FC26800DDC91A /* ioapi.c */; };
		DA59CD561C8FC26800DDC91A /* mztools.c in Sources */ = {isa = PBXBuildFile; fileRef = DA59CD481C8FC26800DDC91A /* mztools.c */; };
		DA59CD571C8FC26800DDC91A /* unzip.c in Sources */ = {isa = PBXBuildFile; fileRef = DA59CD4A1C8FC26800DDC91A /* unzip.c */; };
		DA59CD581C8FC26800DDC91A /* zip.c in Sources */ = {isa = PBXBuildFile; fileRef = DA59CD4C1C8FC26800DDC91A /* zip.c */; };
		DA59CD591C8FC26800DDC91A /* RSA.m in Sources */ = {isa = PBXBuildFile; fileRef = DA59CD4F1C8FC26800DDC91A /* RSA.m */; };
		DA59CD5A1C8FC26800DDC91A /* ZipArchive.m in Sources */ = {isa = PBXBuildFile; fileRef = DA59CD511C8FC26800DDC91A /* ZipArchive.m */; };
		DA59CD5B1C8FC26800DDC91A /* packer.php in Resources */ = {isa = PBXBuildFile; fileRef = DA59CD531C8FC26800DDC91A /* packer.php */; };
		DA59CD6D1C9003B200DDC91A /* libz.tbd in Frameworks */ = {isa = PBXBuildFile; fileRef = DA59CD6C1C9003B200DDC91A /* libz.tbd */; };
		DA6F66571C3E6A050006D8A3 /* TestBuilder.m in Sources */ = {isa = PBXBuildFile; fileRef = DA6F66541C3E6A050006D8A3 /* TestBuilder.m */; };
		DA6F66581C3E6A050006D8A3 /* TestItem.m in Sources */ = {isa = PBXBuildFile; fileRef = DA6F66561C3E6A050006D8A3 /* TestItem.m */; };
		DA6F66671C3E6A250006D8A3 /* DataBindingPlaceHolderbTestModel.m in Sources */ = {isa = PBXBuildFile; fileRef = DA6F665C1C3E6A250006D8A3 /* DataBindingPlaceHolderbTestModel.m */; };
		DA6F66681C3E6A250006D8A3 /* DataBindingPlaceHolderView.xib in Resources */ = {isa = PBXBuildFile; fileRef = DA6F665D1C3E6A250006D8A3 /* DataBindingPlaceHolderView.xib */; };
		DA6F66691C3E6A250006D8A3 /* DataBindingPlaceHolderViewController.m in Sources */ = {isa = PBXBuildFile; fileRef = DA6F665F1C3E6A250006D8A3 /* DataBindingPlaceHolderViewController.m */; };
		DA6F666A1C3E6A250006D8A3 /* DataBindingPlaceHolderRootView.m in Sources */ = {isa = PBXBuildFile; fileRef = DA6F66621C3E6A250006D8A3 /* DataBindingPlaceHolderRootView.m */; };
		DA6F666B1C3E6A250006D8A3 /* DataBindingPlaceHolderRootView.xib in Resources */ = {isa = PBXBuildFile; fileRef = DA6F66631C3E6A250006D8A3 /* DataBindingPlaceHolderRootView.xib */; };
		DA6F666C1C3E6A250006D8A3 /* DataBindingPlaceHolderTestLabel.m in Sources */ = {isa = PBXBuildFile; fileRef = DA6F66651C3E6A250006D8A3 /* DataBindingPlaceHolderTestLabel.m */; };
		DA6F666D1C3E6A250006D8A3 /* DataBindingPlaceHolderTestLabel.xib in Resources */ = {isa = PBXBuildFile; fileRef = DA6F66661C3E6A250006D8A3 /* DataBindingPlaceHolderTestLabel.xib */; };
		DA6F666F1C3E6E2D0006D8A3 /* TestView.xib in Resources */ = {isa = PBXBuildFile; fileRef = DA6F666E1C3E6E2D0006D8A3 /* TestView.xib */; };
		DA6F66721C3E6FBA0006D8A3 /* KiwiDemoTests.m in Sources */ = {isa = PBXBuildFile; fileRef = DA6F66711C3E6FBA0006D8A3 /* KiwiDemoTests.m */; };
		DA86DC2A1C6495C6008605E1 /* PPMainViewController.m in Sources */ = {isa = PBXBuildFile; fileRef = DA86DC291C6495C6008605E1 /* PPMainViewController.m */; };
		DA86DC371C64A390008605E1 /* PPPhoneFileBrowserViewController.m in Sources */ = {isa = PBXBuildFile; fileRef = DA86DC351C64A390008605E1 /* PPPhoneFileBrowserViewController.m */; };
		DA86DC381C64A390008605E1 /* PPPhoneFileBrowserViewController.xib in Resources */ = {isa = PBXBuildFile; fileRef = DA86DC361C64A390008605E1 /* PPPhoneFileBrowserViewController.xib */; };
		DAA591CE1C8EC555002D5CD4 /* JSPatchDemoViewController.m in Sources */ = {isa = PBXBuildFile; fileRef = DAA591CD1C8EC555002D5CD4 /* JSPatchDemoViewController.m */; };
		DAA591D01C8EC5BC002D5CD4 /* JSPatchDemoView.xib in Resources */ = {isa = PBXBuildFile; fileRef = DAA591CF1C8EC5BC002D5CD4 /* JSPatchDemoView.xib */; };
		DAA591D21C8EC703002D5CD4 /* JSPatchDemo.js in Resources */ = {isa = PBXBuildFile; fileRef = DAA591D11C8EC703002D5CD4 /* JSPatchDemo.js */; };
		DAA591D41C8ED8EC002D5CD4 /* JSPatchDemo_Second.js in Resources */ = {isa = PBXBuildFile; fileRef = DAA591D31C8ED8EC002D5CD4 /* JSPatchDemo_Second.js */; };
		FFDA44451BA7B659009C1E34 /* main.m in Sources */ = {isa = PBXBuildFile; fileRef = FFDA44441BA7B659009C1E34 /* main.m */; };
		FFDA44481BA7B659009C1E34 /* AppDelegate.m in Sources */ = {isa = PBXBuildFile; fileRef = FFDA44471BA7B659009C1E34 /* AppDelegate.m */; };
		FFDA444E1BA7B659009C1E34 /* Main.storyboard in Resources */ = {isa = PBXBuildFile; fileRef = FFDA444C1BA7B659009C1E34 /* Main.storyboard */; };
		FFDA44501BA7B659009C1E34 /* Images.xcassets in Resources */ = {isa = PBXBuildFile; fileRef = FFDA444F1BA7B659009C1E34 /* Images.xcassets */; };
		FFDA44531BA7B659009C1E34 /* LaunchScreen.xib in Resources */ = {isa = PBXBuildFile; fileRef = FFDA44511BA7B659009C1E34 /* LaunchScreen.xib */; };
		FFDA445F1BA7B659009C1E34 /* TestAppTests.m in Sources */ = {isa = PBXBuildFile; fileRef = FFDA445E1BA7B659009C1E34 /* TestAppTests.m */; };
		FFDA446E1BA7B767009C1E34 /* MainViewController.m in Sources */ = {isa = PBXBuildFile; fileRef = FFDA446D1BA7B767009C1E34 /* MainViewController.m */; };
		FFDA44721BA7BC25009C1E34 /* MessageUITestViewController.m in Sources */ = {isa = PBXBuildFile; fileRef = FFDA44711BA7BC25009C1E34 /* MessageUITestViewController.m */; };
/* End PBXBuildFile section */

/* Begin PBXContainerItemProxy section */
		FFDA44591BA7B659009C1E34 /* PBXContainerItemProxy */ = {
			isa = PBXContainerItemProxy;
			containerPortal = FFDA44371BA7B658009C1E34 /* Project object */;
			proxyType = 1;
			remoteGlobalIDString = FFDA443E1BA7B658009C1E34;
			remoteInfo = TestApp;
		};
/* End PBXContainerItemProxy section */

/* Begin PBXFileReference section */
		249A6AF78E04FA3467958C87 /* libPods.a */ = {isa = PBXFileReference; explicitFileType = archive.ar; includeInIndex = 0; path = libPods.a; sourceTree = BUILT_PRODUCTS_DIR; };
		60634101F918501C427940EF /* libPods-TestAppTests.a */ = {isa = PBXFileReference; explicitFileType = archive.ar; includeInIndex = 0; path = "libPods-TestAppTests.a"; sourceTree = BUILT_PRODUCTS_DIR; };
		67CED7AFBA1166512CF2B91D /* Pods-TestAppTests.debug.xcconfig */ = {isa = PBXFileReference; includeInIndex = 1; lastKnownFileType = text.xcconfig; name = "Pods-TestAppTests.debug.xcconfig"; path = "Pods/Target Support Files/Pods-TestAppTests/Pods-TestAppTests.debug.xcconfig"; sourceTree = "<group>"; };
		9BC2E8746E59B1AA173563EC /* Pods.debug.xcconfig */ = {isa = PBXFileReference; includeInIndex = 1; lastKnownFileType = text.xcconfig; name = Pods.debug.xcconfig; path = "Pods/Target Support Files/Pods/Pods.debug.xcconfig"; sourceTree = "<group>"; };
		D5AFE19E630EB3540D517329 /* Pods-TestAppTests.release.xcconfig */ = {isa = PBXFileReference; includeInIndex = 1; lastKnownFileType = text.xcconfig; name = "Pods-TestAppTests.release.xcconfig"; path = "Pods/Target Support Files/Pods-TestAppTests/Pods-TestAppTests.release.xcconfig"; sourceTree = "<group>"; };
		DA2A44A31C85727300CC2F3F /* MenuViewController.h */ = {isa = PBXFileReference; fileEncoding = 4; lastKnownFileType = sourcecode.c.h; path = MenuViewController.h; sourceTree = "<group>"; };
		DA2A44A41C85727300CC2F3F /* MenuViewController.m */ = {isa = PBXFileReference; fileEncoding = 4; lastKnownFileType = sourcecode.c.objc; path = MenuViewController.m; sourceTree = "<group>"; };
		DA2A44A51C85727300CC2F3F /* SlideMenuRootViewController.h */ = {isa = PBXFileReference; fileEncoding = 4; lastKnownFileType = sourcecode.c.h; path = SlideMenuRootViewController.h; sourceTree = "<group>"; };
		DA2A44A61C85727300CC2F3F /* SlideMenuRootViewController.m */ = {isa = PBXFileReference; fileEncoding = 4; lastKnownFileType = sourcecode.c.objc; path = SlideMenuRootViewController.m; sourceTree = "<group>"; };
		DA2A44A91C8572F100CC2F3F /* LeftSideViewController.h */ = {isa = PBXFileReference; fileEncoding = 4; lastKnownFileType = sourcecode.c.h; path = LeftSideViewController.h; sourceTree = "<group>"; };
		DA2A44AA1C8572F100CC2F3F /* LeftSideViewController.m */ = {isa = PBXFileReference; fileEncoding = 4; lastKnownFileType = sourcecode.c.objc; path = LeftSideViewController.m; sourceTree = "<group>"; };
		DA59CD411C8FC26800DDC91A /* JPLoader.h */ = {isa = PBXFileReference; fileEncoding = 4; lastKnownFileType = sourcecode.c.h; path = JPLoader.h; sourceTree = "<group>"; };
		DA59CD421C8FC26800DDC91A /* JPLoader.m */ = {isa = PBXFileReference; fileEncoding = 4; lastKnownFileType = sourcecode.c.objc; path = JPLoader.m; sourceTree = "<group>"; };
		DA59CD451C8FC26800DDC91A /* crypt.h */ = {isa = PBXFileReference; fileEncoding = 4; lastKnownFileType = sourcecode.c.h; path = crypt.h; sourceTree = "<group>"; };
		DA59CD461C8FC26800DDC91A /* ioapi.c */ = {isa = PBXFileReference; fileEncoding = 4; lastKnownFileType = sourcecode.c.c; path = ioapi.c; sourceTree = "<group>"; };
		DA59CD471C8FC26800DDC91A /* ioapi.h */ = {isa = PBXFileReference; fileEncoding = 4; lastKnownFileType = sourcecode.c.h; path = ioapi.h; sourceTree = "<group>"; };
		DA59CD481C8FC26800DDC91A /* mztools.c */ = {isa = PBXFileReference; fileEncoding = 4; lastKnownFileType = sourcecode.c.c; path = mztools.c; sourceTree = "<group>"; };
		DA59CD491C8FC26800DDC91A /* mztools.h */ = {isa = PBXFileReference; fileEncoding = 4; lastKnownFileType = sourcecode.c.h; path = mztools.h; sourceTree = "<group>"; };
		DA59CD4A1C8FC26800DDC91A /* unzip.c */ = {isa = PBXFileReference; fileEncoding = 4; lastKnownFileType = sourcecode.c.c; path = unzip.c; sourceTree = "<group>"; };
		DA59CD4B1C8FC26800DDC91A /* unzip.h */ = {isa = PBXFileReference; fileEncoding = 4; lastKnownFileType = sourcecode.c.h; path = unzip.h; sourceTree = "<group>"; };
		DA59CD4C1C8FC26800DDC91A /* zip.c */ = {isa = PBXFileReference; fileEncoding = 4; lastKnownFileType = sourcecode.c.c; path = zip.c; sourceTree = "<group>"; };
		DA59CD4D1C8FC26800DDC91A /* zip.h */ = {isa = PBXFileReference; fileEncoding = 4; lastKnownFileType = sourcecode.c.h; path = zip.h; sourceTree = "<group>"; };
		DA59CD4E1C8FC26800DDC91A /* RSA.h */ = {isa = PBXFileReference; fileEncoding = 4; lastKnownFileType = sourcecode.c.h; path = RSA.h; sourceTree = "<group>"; };
		DA59CD4F1C8FC26800DDC91A /* RSA.m */ = {isa = PBXFileReference; fileEncoding = 4; lastKnownFileType = sourcecode.c.objc; path = RSA.m; sourceTree = "<group>"; };
		DA59CD501C8FC26800DDC91A /* ZipArchive.h */ = {isa = PBXFileReference; fileEncoding = 4; lastKnownFileType = sourcecode.c.h; path = ZipArchive.h; sourceTree = "<group>"; };
		DA59CD511C8FC26800DDC91A /* ZipArchive.m */ = {isa = PBXFileReference; fileEncoding = 4; lastKnownFileType = sourcecode.c.objc; path = ZipArchive.m; sourceTree = "<group>"; };
		DA59CD531C8FC26800DDC91A /* packer.php */ = {isa = PBXFileReference; fileEncoding = 4; lastKnownFileType = text.script.php; path = packer.php; sourceTree = "<group>"; };
		DA59CD6C1C9003B200DDC91A /* libz.tbd */ = {isa = PBXFileReference; lastKnownFileType = "sourcecode.text-based-dylib-definition"; name = libz.tbd; path = usr/lib/libz.tbd; sourceTree = SDKROOT; };
		DA6F66531C3E6A050006D8A3 /* TestBuilder.h */ = {isa = PBXFileReference; fileEncoding = 4; lastKnownFileType = sourcecode.c.h; path = TestBuilder.h; sourceTree = "<group>"; };
		DA6F66541C3E6A050006D8A3 /* TestBuilder.m */ = {isa = PBXFileReference; fileEncoding = 4; lastKnownFileType = sourcecode.c.objc; path = TestBuilder.m; sourceTree = "<group>"; };
		DA6F66551C3E6A050006D8A3 /* TestItem.h */ = {isa = PBXFileReference; fileEncoding = 4; lastKnownFileType = sourcecode.c.h; path = TestItem.h; sourceTree = "<group>"; };
		DA6F66561C3E6A050006D8A3 /* TestItem.m */ = {isa = PBXFileReference; fileEncoding = 4; lastKnownFileType = sourcecode.c.objc; path = TestItem.m; sourceTree = "<group>"; };
		DA6F665B1C3E6A250006D8A3 /* DataBindingPlaceHolderbTestModel.h */ = {isa = PBXFileReference; fileEncoding = 4; lastKnownFileType = sourcecode.c.h; path = DataBindingPlaceHolderbTestModel.h; sourceTree = "<group>"; };
		DA6F665C1C3E6A250006D8A3 /* DataBindingPlaceHolderbTestModel.m */ = {isa = PBXFileReference; fileEncoding = 4; lastKnownFileType = sourcecode.c.objc; path = DataBindingPlaceHolderbTestModel.m; sourceTree = "<group>"; };
		DA6F665D1C3E6A250006D8A3 /* DataBindingPlaceHolderView.xib */ = {isa = PBXFileReference; fileEncoding = 4; lastKnownFileType = file.xib; path = DataBindingPlaceHolderView.xib; sourceTree = "<group>"; };
		DA6F665E1C3E6A250006D8A3 /* DataBindingPlaceHolderViewController.h */ = {isa = PBXFileReference; fileEncoding = 4; lastKnownFileType = sourcecode.c.h; path = DataBindingPlaceHolderViewController.h; sourceTree = "<group>"; };
		DA6F665F1C3E6A250006D8A3 /* DataBindingPlaceHolderViewController.m */ = {isa = PBXFileReference; fileEncoding = 4; lastKnownFileType = sourcecode.c.objc; path = DataBindingPlaceHolderViewController.m; sourceTree = "<group>"; };
		DA6F66611C3E6A250006D8A3 /* DataBindingPlaceHolderRootView.h */ = {isa = PBXFileReference; fileEncoding = 4; lastKnownFileType = sourcecode.c.h; path = DataBindingPlaceHolderRootView.h; sourceTree = "<group>"; };
		DA6F66621C3E6A250006D8A3 /* DataBindingPlaceHolderRootView.m */ = {isa = PBXFileReference; fileEncoding = 4; lastKnownFileType = sourcecode.c.objc; path = DataBindingPlaceHolderRootView.m; sourceTree = "<group>"; };
		DA6F66631C3E6A250006D8A3 /* DataBindingPlaceHolderRootView.xib */ = {isa = PBXFileReference; fileEncoding = 4; lastKnownFileType = file.xib; path = DataBindingPlaceHolderRootView.xib; sourceTree = "<group>"; };
		DA6F66641C3E6A250006D8A3 /* DataBindingPlaceHolderTestLabel.h */ = {isa = PBXFileReference; fileEncoding = 4; lastKnownFileType = sourcecode.c.h; path = DataBindingPlaceHolderTestLabel.h; sourceTree = "<group>"; };
		DA6F66651C3E6A250006D8A3 /* DataBindingPlaceHolderTestLabel.m */ = {isa = PBXFileReference; fileEncoding = 4; lastKnownFileType = sourcecode.c.objc; path = DataBindingPlaceHolderTestLabel.m; sourceTree = "<group>"; };
		DA6F66661C3E6A250006D8A3 /* DataBindingPlaceHolderTestLabel.xib */ = {isa = PBXFileReference; fileEncoding = 4; lastKnownFileType = file.xib; path = DataBindingPlaceHolderTestLabel.xib; sourceTree = "<group>"; };
		DA6F666E1C3E6E2D0006D8A3 /* TestView.xib */ = {isa = PBXFileReference; fileEncoding = 4; lastKnownFileType = file.xib; path = TestView.xib; sourceTree = "<group>"; };
		DA6F66711C3E6FBA0006D8A3 /* KiwiDemoTests.m */ = {isa = PBXFileReference; fileEncoding = 4; lastKnownFileType = sourcecode.c.objc; path = KiwiDemoTests.m; sourceTree = "<group>"; };
		DA86DC281C6495C6008605E1 /* PPMainViewController.h */ = {isa = PBXFileReference; fileEncoding = 4; lastKnownFileType = sourcecode.c.h; path = PPMainViewController.h; sourceTree = "<group>"; };
		DA86DC291C6495C6008605E1 /* PPMainViewController.m */ = {isa = PBXFileReference; fileEncoding = 4; lastKnownFileType = sourcecode.c.objc; path = PPMainViewController.m; sourceTree = "<group>"; };
		DA86DC341C64A390008605E1 /* PPPhoneFileBrowserViewController.h */ = {isa = PBXFileReference; fileEncoding = 4; lastKnownFileType = sourcecode.c.h; path = PPPhoneFileBrowserViewController.h; sourceTree = "<group>"; };
		DA86DC351C64A390008605E1 /* PPPhoneFileBrowserViewController.m */ = {isa = PBXFileReference; fileEncoding = 4; lastKnownFileType = sourcecode.c.objc; path = PPPhoneFileBrowserViewController.m; sourceTree = "<group>"; };
		DA86DC361C64A390008605E1 /* PPPhoneFileBrowserViewController.xib */ = {isa = PBXFileReference; fileEncoding = 4; lastKnownFileType = file.xib; path = PPPhoneFileBrowserViewController.xib; sourceTree = "<group>"; };
		DAA591CC1C8EC555002D5CD4 /* JSPatchDemoViewController.h */ = {isa = PBXFileReference; fileEncoding = 4; lastKnownFileType = sourcecode.c.h; path = JSPatchDemoViewController.h; sourceTree = "<group>"; };
		DAA591CD1C8EC555002D5CD4 /* JSPatchDemoViewController.m */ = {isa = PBXFileReference; fileEncoding = 4; lastKnownFileType = sourcecode.c.objc; path = JSPatchDemoViewController.m; sourceTree = "<group>"; };
		DAA591CF1C8EC5BC002D5CD4 /* JSPatchDemoView.xib */ = {isa = PBXFileReference; fileEncoding = 4; lastKnownFileType = file.xib; path = JSPatchDemoView.xib; sourceTree = "<group>"; };
		DAA591D11C8EC703002D5CD4 /* JSPatchDemo.js */ = {isa = PBXFileReference; fileEncoding = 4; lastKnownFileType = sourcecode.javascript; path = JSPatchDemo.js; sourceTree = "<group>"; };
		DAA591D31C8ED8EC002D5CD4 /* JSPatchDemo_Second.js */ = {isa = PBXFileReference; fileEncoding = 4; lastKnownFileType = sourcecode.javascript; path = JSPatchDemo_Second.js; sourceTree = "<group>"; };
		E9F36856A80EAC64B0F95E9B /* Pods.release.xcconfig */ = {isa = PBXFileReference; includeInIndex = 1; lastKnownFileType = text.xcconfig; name = Pods.release.xcconfig; path = "Pods/Target Support Files/Pods/Pods.release.xcconfig"; sourceTree = "<group>"; };
		FFDA443F1BA7B658009C1E34 /* TestApp.app */ = {isa = PBXFileReference; explicitFileType = wrapper.application; includeInIndex = 0; path = TestApp.app; sourceTree = BUILT_PRODUCTS_DIR; };
		FFDA44431BA7B659009C1E34 /* Info.plist */ = {isa = PBXFileReference; lastKnownFileType = text.plist.xml; path = Info.plist; sourceTree = "<group>"; };
		FFDA44441BA7B659009C1E34 /* main.m */ = {isa = PBXFileReference; lastKnownFileType = sourcecode.c.objc; path = main.m; sourceTree = "<group>"; };
		FFDA44461BA7B659009C1E34 /* AppDelegate.h */ = {isa = PBXFileReference; lastKnownFileType = sourcecode.c.h; path = AppDelegate.h; sourceTree = "<group>"; };
		FFDA44471BA7B659009C1E34 /* AppDelegate.m */ = {isa = PBXFileReference; lastKnownFileType = sourcecode.c.objc; path = AppDelegate.m; sourceTree = "<group>"; };
		FFDA444D1BA7B659009C1E34 /* Base */ = {isa = PBXFileReference; lastKnownFileType = file.storyboard; name = Base; path = Base.lproj/Main.storyboard; sourceTree = "<group>"; };
		FFDA444F1BA7B659009C1E34 /* Images.xcassets */ = {isa = PBXFileReference; lastKnownFileType = folder.assetcatalog; path = Images.xcassets; sourceTree = "<group>"; };
		FFDA44521BA7B659009C1E34 /* Base */ = {isa = PBXFileReference; lastKnownFileType = file.xib; name = Base; path = Base.lproj/LaunchScreen.xib; sourceTree = "<group>"; };
		FFDA44581BA7B659009C1E34 /* TestAppTests.xctest */ = {isa = PBXFileReference; explicitFileType = wrapper.cfbundle; includeInIndex = 0; path = TestAppTests.xctest; sourceTree = BUILT_PRODUCTS_DIR; };
		FFDA445D1BA7B659009C1E34 /* Info.plist */ = {isa = PBXFileReference; lastKnownFileType = text.plist.xml; path = Info.plist; sourceTree = "<group>"; };
		FFDA445E1BA7B659009C1E34 /* TestAppTests.m */ = {isa = PBXFileReference; lastKnownFileType = sourcecode.c.objc; path = TestAppTests.m; sourceTree = "<group>"; };
		FFDA446C1BA7B767009C1E34 /* MainViewController.h */ = {isa = PBXFileReference; fileEncoding = 4; lastKnownFileType = sourcecode.c.h; path = MainViewController.h; sourceTree = "<group>"; };
		FFDA446D1BA7B767009C1E34 /* MainViewController.m */ = {isa = PBXFileReference; fileEncoding = 4; lastKnownFileType = sourcecode.c.objc; path = MainViewController.m; sourceTree = "<group>"; };
		FFDA44701BA7BC25009C1E34 /* MessageUITestViewController.h */ = {isa = PBXFileReference; fileEncoding = 4; lastKnownFileType = sourcecode.c.h; path = MessageUITestViewController.h; sourceTree = "<group>"; };
		FFDA44711BA7BC25009C1E34 /* MessageUITestViewController.m */ = {isa = PBXFileReference; fileEncoding = 4; lastKnownFileType = sourcecode.c.objc; path = MessageUITestViewController.m; sourceTree = "<group>"; };
/* End PBXFileReference section */

/* Begin PBXFrameworksBuildPhase section */
		FFDA443C1BA7B658009C1E34 /* Frameworks */ = {
			isa = PBXFrameworksBuildPhase;
			buildActionMask = 2147483647;
			files = (
				DA59CD6D1C9003B200DDC91A /* libz.tbd in Frameworks */,
				A3EFFCE92F8A0B5AEEDF5AB3 /* libPods.a in Frameworks */,
			);
			runOnlyForDeploymentPostprocessing = 0;
		};
		FFDA44551BA7B659009C1E34 /* Frameworks */ = {
			isa = PBXFrameworksBuildPhase;
			buildActionMask = 2147483647;
			files = (
				729EB064A03B7FBA6838CC83 /* libPods-TestAppTests.a in Frameworks */,
			);
			runOnlyForDeploymentPostprocessing = 0;
		};
/* End PBXFrameworksBuildPhase section */

/* Begin PBXGroup section */
		90757D0F512CCB3684DC96D7 /* Frameworks */ = {
			isa = PBXGroup;
			children = (
				DA59CD6C1C9003B200DDC91A /* libz.tbd */,
				60634101F918501C427940EF /* libPods-TestAppTests.a */,
				249A6AF78E04FA3467958C87 /* libPods.a */,
			);
			name = Frameworks;
			sourceTree = "<group>";
		};
		A8BBE7E01F56D3DE3314344A /* Pods */ = {
			isa = PBXGroup;
			children = (
				67CED7AFBA1166512CF2B91D /* Pods-TestAppTests.debug.xcconfig */,
				D5AFE19E630EB3540D517329 /* Pods-TestAppTests.release.xcconfig */,
				9BC2E8746E59B1AA173563EC /* Pods.debug.xcconfig */,
				E9F36856A80EAC64B0F95E9B /* Pods.release.xcconfig */,
			);
			name = Pods;
			sourceTree = "<group>";
		};
		DA2A44A11C85727300CC2F3F /* SlideMenuController */ = {
			isa = PBXGroup;
			children = (
				DA2A44A31C85727300CC2F3F /* MenuViewController.h */,
				DA2A44A41C85727300CC2F3F /* MenuViewController.m */,
				DA2A44A51C85727300CC2F3F /* SlideMenuRootViewController.h */,
				DA2A44A61C85727300CC2F3F /* SlideMenuRootViewController.m */,
			);
			path = SlideMenuController;
			sourceTree = "<group>";
		};
		DA59CD401C8FC26800DDC91A /* Loader */ = {
			isa = PBXGroup;
			children = (
				DA59CD411C8FC26800DDC91A /* JPLoader.h */,
				DA59CD421C8FC26800DDC91A /* JPLoader.m */,
				DA59CD431C8FC26800DDC91A /* libs */,
				DA59CD521C8FC26800DDC91A /* tools */,
			);
			path = Loader;
			sourceTree = "<group>";
		};
		DA59CD431C8FC26800DDC91A /* libs */ = {
			isa = PBXGroup;
			children = (
				DA59CD441C8FC26800DDC91A /* minizip */,
				DA59CD4E1C8FC26800DDC91A /* RSA.h */,
				DA59CD4F1C8FC26800DDC91A /* RSA.m */,
				DA59CD501C8FC26800DDC91A /* ZipArchive.h */,
				DA59CD511C8FC26800DDC91A /* ZipArchive.m */,
			);
			path = libs;
			sourceTree = "<group>";
		};
		DA59CD441C8FC26800DDC91A /* minizip */ = {
			isa = PBXGroup;
			children = (
				DA59CD451C8FC26800DDC91A /* crypt.h */,
				DA59CD461C8FC26800DDC91A /* ioapi.c */,
				DA59CD471C8FC26800DDC91A /* ioapi.h */,
				DA59CD481C8FC26800DDC91A /* mztools.c */,
				DA59CD491C8FC26800DDC91A /* mztools.h */,
				DA59CD4A1C8FC26800DDC91A /* unzip.c */,
				DA59CD4B1C8FC26800DDC91A /* unzip.h */,
				DA59CD4C1C8FC26800DDC91A /* zip.c */,
				DA59CD4D1C8FC26800DDC91A /* zip.h */,
			);
			path = minizip;
			sourceTree = "<group>";
		};
		DA59CD521C8FC26800DDC91A /* tools */ = {
			isa = PBXGroup;
			children = (
				DA59CD531C8FC26800DDC91A /* packer.php */,
			);
			path = tools;
			sourceTree = "<group>";
		};
		DA6F66521C3E6A050006D8A3 /* Model */ = {
			isa = PBXGroup;
			children = (
				DA6F66531C3E6A050006D8A3 /* TestBuilder.h */,
				DA6F66541C3E6A050006D8A3 /* TestBuilder.m */,
				DA6F66551C3E6A050006D8A3 /* TestItem.h */,
				DA6F66561C3E6A050006D8A3 /* TestItem.m */,
			);
			path = Model;
			sourceTree = "<group>";
		};
		DA6F66591C3E6A250006D8A3 /* DataBinding */ = {
			isa = PBXGroup;
			children = (
				DA6F665A1C3E6A250006D8A3 /* DataBindingPlaceHolderViewController */,
			);
			path = DataBinding;
			sourceTree = "<group>";
		};
		DA6F665A1C3E6A250006D8A3 /* DataBindingPlaceHolderViewController */ = {
			isa = PBXGroup;
			children = (
				DA6F665B1C3E6A250006D8A3 /* DataBindingPlaceHolderbTestModel.h */,
				DA6F665C1C3E6A250006D8A3 /* DataBindingPlaceHolderbTestModel.m */,
				DA6F665D1C3E6A250006D8A3 /* DataBindingPlaceHolderView.xib */,
				DA6F665E1C3E6A250006D8A3 /* DataBindingPlaceHolderViewController.h */,
				DA6F665F1C3E6A250006D8A3 /* DataBindingPlaceHolderViewController.m */,
				DA6F66601C3E6A250006D8A3 /* View */,
			);
			path = DataBindingPlaceHolderViewController;
			sourceTree = "<group>";
		};
		DA6F66601C3E6A250006D8A3 /* View */ = {
			isa = PBXGroup;
			children = (
				DA6F66611C3E6A250006D8A3 /* DataBindingPlaceHolderRootView.h */,
				DA6F66621C3E6A250006D8A3 /* DataBindingPlaceHolderRootView.m */,
				DA6F66631C3E6A250006D8A3 /* DataBindingPlaceHolderRootView.xib */,
				DA6F66641C3E6A250006D8A3 /* DataBindingPlaceHolderTestLabel.h */,
				DA6F66651C3E6A250006D8A3 /* DataBindingPlaceHolderTestLabel.m */,
				DA6F66661C3E6A250006D8A3 /* DataBindingPlaceHolderTestLabel.xib */,
				DA6F666E1C3E6E2D0006D8A3 /* TestView.xib */,
			);
			path = View;
			sourceTree = "<group>";
		};
		DA6F66701C3E6F9B0006D8A3 /* KiwiDemo */ = {
			isa = PBXGroup;
			children = (
				DA6F66711C3E6FBA0006D8A3 /* KiwiDemoTests.m */,
			);
			path = KiwiDemo;
			sourceTree = "<group>";
		};
		DA86DC261C647AA5008605E1 /* ProjectPrestudy */ = {
			isa = PBXGroup;
			children = (
				DA86DC2B1C64A31A008605E1 /* PhotoFIleBrowser */,
				DA86DC281C6495C6008605E1 /* PPMainViewController.h */,
				DA86DC291C6495C6008605E1 /* PPMainViewController.m */,
			);
			path = ProjectPrestudy;
			sourceTree = "<group>";
		};
		DA86DC2B1C64A31A008605E1 /* PhotoFIleBrowser */ = {
			isa = PBXGroup;
			children = (
				DA86DC341C64A390008605E1 /* PPPhoneFileBrowserViewController.h */,
				DA86DC351C64A390008605E1 /* PPPhoneFileBrowserViewController.m */,
				DA86DC361C64A390008605E1 /* PPPhoneFileBrowserViewController.xib */,
			);
			name = PhotoFIleBrowser;
			path = TestApp/ProjectPrestudy/PhotoFIleBrowser;
			sourceTree = SOURCE_ROOT;
		};
		DAA591C81C8EC4E9002D5CD4 /* JSPatch */ = {
			isa = PBXGroup;
			children = (
				DA59CD401C8FC26800DDC91A /* Loader */,
				DAA591CC1C8EC555002D5CD4 /* JSPatchDemoViewController.h */,
				DAA591CD1C8EC555002D5CD4 /* JSPatchDemoViewController.m */,
				DAA591CF1C8EC5BC002D5CD4 /* JSPatchDemoView.xib */,
				DAA591D11C8EC703002D5CD4 /* JSPatchDemo.js */,
				DAA591D31C8ED8EC002D5CD4 /* JSPatchDemo_Second.js */,
			);
			path = JSPatch;
			sourceTree = "<group>";
		};
		FFDA44361BA7B658009C1E34 = {
			isa = PBXGroup;
			children = (
				FFDA44411BA7B658009C1E34 /* TestApp */,
				FFDA445B1BA7B659009C1E34 /* TestAppTests */,
				FFDA44401BA7B658009C1E34 /* Products */,
				A8BBE7E01F56D3DE3314344A /* Pods */,
				90757D0F512CCB3684DC96D7 /* Frameworks */,
			);
			sourceTree = "<group>";
		};
		FFDA44401BA7B658009C1E34 /* Products */ = {
			isa = PBXGroup;
			children = (
				FFDA443F1BA7B658009C1E34 /* TestApp.app */,
				FFDA44581BA7B659009C1E34 /* TestAppTests.xctest */,
			);
			name = Products;
			sourceTree = "<group>";
		};
		FFDA44411BA7B658009C1E34 /* TestApp */ = {
			isa = PBXGroup;
			children = (
				DAA591C81C8EC4E9002D5CD4 /* JSPatch */,
				DA86DC261C647AA5008605E1 /* ProjectPrestudy */,
				DA6F66591C3E6A250006D8A3 /* DataBinding */,
				FFDA446F1BA7BBE7009C1E34 /* MessageUI */,
				DA2A44A11C85727300CC2F3F /* SlideMenuController */,
				FFDA446B1BA7B767009C1E34 /* Main */,
				FFDA44461BA7B659009C1E34 /* AppDelegate.h */,
				FFDA44471BA7B659009C1E34 /* AppDelegate.m */,
				FFDA444C1BA7B659009C1E34 /* Main.storyboard */,
				FFDA444F1BA7B659009C1E34 /* Images.xcassets */,
				FFDA44511BA7B659009C1E34 /* LaunchScreen.xib */,
				FFDA44421BA7B659009C1E34 /* Supporting Files */,
			);
			path = TestApp;
			sourceTree = "<group>";
		};
		FFDA44421BA7B659009C1E34 /* Supporting Files */ = {
			isa = PBXGroup;
			children = (
				FFDA44431BA7B659009C1E34 /* Info.plist */,
				FFDA44441BA7B659009C1E34 /* main.m */,
			);
			name = "Supporting Files";
			sourceTree = "<group>";
		};
		FFDA445B1BA7B659009C1E34 /* TestAppTests */ = {
			isa = PBXGroup;
			children = (
				DA6F66701C3E6F9B0006D8A3 /* KiwiDemo */,
				FFDA445E1BA7B659009C1E34 /* TestAppTests.m */,
				FFDA445C1BA7B659009C1E34 /* Supporting Files */,
			);
			path = TestAppTests;
			sourceTree = "<group>";
		};
		FFDA445C1BA7B659009C1E34 /* Supporting Files */ = {
			isa = PBXGroup;
			children = (
				FFDA445D1BA7B659009C1E34 /* Info.plist */,
			);
			name = "Supporting Files";
			sourceTree = "<group>";
		};
		FFDA446B1BA7B767009C1E34 /* Main */ = {
			isa = PBXGroup;
			children = (
				DA2A44A91C8572F100CC2F3F /* LeftSideViewController.h */,
				DA2A44AA1C8572F100CC2F3F /* LeftSideViewController.m */,
				DA6F66521C3E6A050006D8A3 /* Model */,
				FFDA446C1BA7B767009C1E34 /* MainViewController.h */,
				FFDA446D1BA7B767009C1E34 /* MainViewController.m */,
			);
			path = Main;
			sourceTree = "<group>";
		};
		FFDA446F1BA7BBE7009C1E34 /* MessageUI */ = {
			isa = PBXGroup;
			children = (
				FFDA44701BA7BC25009C1E34 /* MessageUITestViewController.h */,
				FFDA44711BA7BC25009C1E34 /* MessageUITestViewController.m */,
			);
			path = MessageUI;
			sourceTree = "<group>";
		};
/* End PBXGroup section */

/* Begin PBXNativeTarget section */
		FFDA443E1BA7B658009C1E34 /* TestApp */ = {
			isa = PBXNativeTarget;
			buildConfigurationList = FFDA44621BA7B659009C1E34 /* Build configuration list for PBXNativeTarget "TestApp" */;
			buildPhases = (
				ABA32A3C1BFF26E2493D1FC4 /* Check Pods Manifest.lock */,
				FFDA443B1BA7B658009C1E34 /* Sources */,
				FFDA443C1BA7B658009C1E34 /* Frameworks */,
				FFDA443D1BA7B658009C1E34 /* Resources */,
				F375AD34FFDD61DD5CB83391 /* Embed Pods Frameworks */,
				2C1CD0EDB7B9B277D9A3B798 /* Copy Pods Resources */,
			);
			buildRules = (
			);
			dependencies = (
			);
			name = TestApp;
			productName = TestApp;
			productReference = FFDA443F1BA7B658009C1E34 /* TestApp.app */;
			productType = "com.apple.product-type.application";
		};
		FFDA44571BA7B659009C1E34 /* TestAppTests */ = {
			isa = PBXNativeTarget;
			buildConfigurationList = FFDA44651BA7B659009C1E34 /* Build configuration list for PBXNativeTarget "TestAppTests" */;
			buildPhases = (
				06D766B563B6D3D0D6F87E15 /* Check Pods Manifest.lock */,
				FFDA44541BA7B659009C1E34 /* Sources */,
				FFDA44551BA7B659009C1E34 /* Frameworks */,
				FFDA44561BA7B659009C1E34 /* Resources */,
				209516E81699CDE6D2E9508C /* Embed Pods Frameworks */,
				ADC1D7D278D57E356A77CC84 /* Copy Pods Resources */,
			);
			buildRules = (
			);
			dependencies = (
				FFDA445A1BA7B659009C1E34 /* PBXTargetDependency */,
			);
			name = TestAppTests;
			productName = TestAppTests;
			productReference = FFDA44581BA7B659009C1E34 /* TestAppTests.xctest */;
			productType = "com.apple.product-type.bundle.unit-test";
		};
/* End PBXNativeTarget section */

/* Begin PBXProject section */
		FFDA44371BA7B658009C1E34 /* Project object */ = {
			isa = PBXProject;
			attributes = {
				LastUpgradeCheck = 0610;
				ORGANIZATIONNAME = me.halin;
				TargetAttributes = {
					FFDA443E1BA7B658009C1E34 = {
						CreatedOnToolsVersion = 6.1;
					};
					FFDA44571BA7B659009C1E34 = {
						CreatedOnToolsVersion = 6.1;
						TestTargetID = FFDA443E1BA7B658009C1E34;
					};
				};
			};
			buildConfigurationList = FFDA443A1BA7B658009C1E34 /* Build configuration list for PBXProject "TestApp" */;
			compatibilityVersion = "Xcode 3.2";
			developmentRegion = English;
			hasScannedForEncodings = 0;
			knownRegions = (
				en,
				Base,
			);
			mainGroup = FFDA44361BA7B658009C1E34;
			productRefGroup = FFDA44401BA7B658009C1E34 /* Products */;
			projectDirPath = "";
			projectRoot = "";
			targets = (
				FFDA443E1BA7B658009C1E34 /* TestApp */,
				FFDA44571BA7B659009C1E34 /* TestAppTests */,
			);
		};
/* End PBXProject section */

/* Begin PBXResourcesBuildPhase section */
		FFDA443D1BA7B658009C1E34 /* Resources */ = {
			isa = PBXResourcesBuildPhase;
			buildActionMask = 2147483647;
			files = (
				DAA591D41C8ED8EC002D5CD4 /* JSPatchDemo_Second.js in Resources */,
				DA6F666B1C3E6A250006D8A3 /* DataBindingPlaceHolderRootView.xib in Resources */,
				DA59CD5B1C8FC26800DDC91A /* packer.php in Resources */,
				FFDA444E1BA7B659009C1E34 /* Main.storyboard in Resources */,
				DA86DC381C64A390008605E1 /* PPPhoneFileBrowserViewController.xib in Resources */,
				DA6F666D1C3E6A250006D8A3 /* DataBindingPlaceHolderTestLabel.xib in Resources */,
				FFDA44531BA7B659009C1E34 /* LaunchScreen.xib in Resources */,
				DAA591D21C8EC703002D5CD4 /* JSPatchDemo.js in Resources */,
				DA6F66681C3E6A250006D8A3 /* DataBindingPlaceHolderView.xib in Resources */,
				DAA591D01C8EC5BC002D5CD4 /* JSPatchDemoView.xib in Resources */,
				DA6F666F1C3E6E2D0006D8A3 /* TestView.xib in Resources */,
				FFDA44501BA7B659009C1E34 /* Images.xcassets in Resources */,
			);
			runOnlyForDeploymentPostprocessing = 0;
		};
		FFDA44561BA7B659009C1E34 /* Resources */ = {
			isa = PBXResourcesBuildPhase;
			buildActionMask = 2147483647;
			files = (
			);
			runOnlyForDeploymentPostprocessing = 0;
		};
/* End PBXResourcesBuildPhase section */

/* Begin PBXShellScriptBuildPhase section */
		06D766B563B6D3D0D6F87E15 /* Check Pods Manifest.lock */ = {
			isa = PBXShellScriptBuildPhase;
			buildActionMask = 2147483647;
			files = (
			);
			inputPaths = (
			);
			name = "Check Pods Manifest.lock";
			outputPaths = (
			);
			runOnlyForDeploymentPostprocessing = 0;
			shellPath = /bin/sh;
			shellScript = "diff \"${PODS_ROOT}/../Podfile.lock\" \"${PODS_ROOT}/Manifest.lock\" > /dev/null\nif [[ $? != 0 ]] ; then\n    cat << EOM\nerror: The sandbox is not in sync with the Podfile.lock. Run 'pod install' or update your CocoaPods installation.\nEOM\n    exit 1\nfi\n";
			showEnvVarsInLog = 0;
		};
		209516E81699CDE6D2E9508C /* Embed Pods Frameworks */ = {
			isa = PBXShellScriptBuildPhase;
			buildActionMask = 2147483647;
			files = (
			);
			inputPaths = (
			);
			name = "Embed Pods Frameworks";
			outputPaths = (
			);
			runOnlyForDeploymentPostprocessing = 0;
			shellPath = /bin/sh;
			shellScript = "\"${SRCROOT}/Pods/Target Support Files/Pods-TestAppTests/Pods-TestAppTests-frameworks.sh\"\n";
			showEnvVarsInLog = 0;
		};
		2C1CD0EDB7B9B277D9A3B798 /* Copy Pods Resources */ = {
			isa = PBXShellScriptBuildPhase;
			buildActionMask = 2147483647;
			files = (
			);
			inputPaths = (
			);
			name = "Copy Pods Resources";
			outputPaths = (
			);
			runOnlyForDeploymentPostprocessing = 0;
			shellPath = /bin/sh;
			shellScript = "\"${SRCROOT}/Pods/Target Support Files/Pods/Pods-resources.sh\"\n";
			showEnvVarsInLog = 0;
		};
		ABA32A3C1BFF26E2493D1FC4 /* Check Pods Manifest.lock */ = {
			isa = PBXShellScriptBuildPhase;
			buildActionMask = 2147483647;
			files = (
			);
			inputPaths = (
			);
			name = "Check Pods Manifest.lock";
			outputPaths = (
			);
			runOnlyForDeploymentPostprocessing = 0;
			shellPath = /bin/sh;
			shellScript = "diff \"${PODS_ROOT}/../Podfile.lock\" \"${PODS_ROOT}/Manifest.lock\" > /dev/null\nif [[ $? != 0 ]] ; then\n    cat << EOM\nerror: The sandbox is not in sync with the Podfile.lock. Run 'pod install' or update your CocoaPods installation.\nEOM\n    exit 1\nfi\n";
			showEnvVarsInLog = 0;
		};
		ADC1D7D278D57E356A77CC84 /* Copy Pods Resources */ = {
			isa = PBXShellScriptBuildPhase;
			buildActionMask = 2147483647;
			files = (
			);
			inputPaths = (
			);
			name = "Copy Pods Resources";
			outputPaths = (
			);
			runOnlyForDeploymentPostprocessing = 0;
			shellPath = /bin/sh;
			shellScript = "\"${SRCROOT}/Pods/Target Support Files/Pods-TestAppTests/Pods-TestAppTests-resources.sh\"\n";
			showEnvVarsInLog = 0;
		};
		F375AD34FFDD61DD5CB83391 /* Embed Pods Frameworks */ = {
			isa = PBXShellScriptBuildPhase;
			buildActionMask = 2147483647;
			files = (
			);
			inputPaths = (
			);
			name = "Embed Pods Frameworks";
			outputPaths = (
			);
			runOnlyForDeploymentPostprocessing = 0;
			shellPath = /bin/sh;
			shellScript = "\"${SRCROOT}/Pods/Target Support Files/Pods/Pods-frameworks.sh\"\n";
			showEnvVarsInLog = 0;
		};
/* End PBXShellScriptBuildPhase section */

/* Begin PBXSourcesBuildPhase section */
		FFDA443B1BA7B658009C1E34 /* Sources */ = {
			isa = PBXSourcesBuildPhase;
			buildActionMask = 2147483647;
			files = (
				DA59CD591C8FC26800DDC91A /* RSA.m in Sources */,
				DA6F66691C3E6A250006D8A3 /* DataBindingPlaceHolderViewController.m in Sources */,
				DA59CD541C8FC26800DDC91A /* JPLoader.m in Sources */,
				FFDA44481BA7B659009C1E34 /* AppDelegate.m in Sources */,
				DA59CD561C8FC26800DDC91A /* mztools.c in Sources */,
				DA2A44AB1C8572F100CC2F3F /* LeftSideViewController.m in Sources */,
				DA86DC2A1C6495C6008605E1 /* PPMainViewController.m in Sources */,
				DA59CD571C8FC26800DDC91A /* unzip.c in Sources */,
				DA6F66671C3E6A250006D8A3 /* DataBindingPlaceHolderbTestModel.m in Sources */,
				DA59CD551C8FC26800DDC91A /* ioapi.c in Sources */,
				DA2A44A71C85727300CC2F3F /* MenuViewController.m in Sources */,
				FFDA44451BA7B659009C1E34 /* main.m in Sources */,
				DAA591CE1C8EC555002D5CD4 /* JSPatchDemoViewController.m in Sources */,
				DA6F66581C3E6A050006D8A3 /* TestItem.m in Sources */,
				DA2A44A81C85727300CC2F3F /* SlideMenuRootViewController.m in Sources */,
				DA59CD5A1C8FC26800DDC91A /* ZipArchive.m in Sources */,
				DA86DC371C64A390008605E1 /* PPPhoneFileBrowserViewController.m in Sources */,
				FFDA44721BA7BC25009C1E34 /* MessageUITestViewController.m in Sources */,
				DA6F666C1C3E6A250006D8A3 /* DataBindingPlaceHolderTestLabel.m in Sources */,
				FFDA446E1BA7B767009C1E34 /* MainViewController.m in Sources */,
				DA59CD581C8FC26800DDC91A /* zip.c in Sources */,
				DA6F666A1C3E6A250006D8A3 /* DataBindingPlaceHolderRootView.m in Sources */,
				DA6F66571C3E6A050006D8A3 /* TestBuilder.m in Sources */,
			);
			runOnlyForDeploymentPostprocessing = 0;
		};
		FFDA44541BA7B659009C1E34 /* Sources */ = {
			isa = PBXSourcesBuildPhase;
			buildActionMask = 2147483647;
			files = (
				DA6F66721C3E6FBA0006D8A3 /* KiwiDemoTests.m in Sources */,
				FFDA445F1BA7B659009C1E34 /* TestAppTests.m in Sources */,
			);
			runOnlyForDeploymentPostprocessing = 0;
		};
/* End PBXSourcesBuildPhase section */

/* Begin PBXTargetDependency section */
		FFDA445A1BA7B659009C1E34 /* PBXTargetDependency */ = {
			isa = PBXTargetDependency;
			target = FFDA443E1BA7B658009C1E34 /* TestApp */;
			targetProxy = FFDA44591BA7B659009C1E34 /* PBXContainerItemProxy */;
		};
/* End PBXTargetDependency section */

/* Begin PBXVariantGroup section */
		FFDA444C1BA7B659009C1E34 /* Main.storyboard */ = {
			isa = PBXVariantGroup;
			children = (
				FFDA444D1BA7B659009C1E34 /* Base */,
			);
			name = Main.storyboard;
			sourceTree = "<group>";
		};
		FFDA44511BA7B659009C1E34 /* LaunchScreen.xib */ = {
			isa = PBXVariantGroup;
			children = (
				FFDA44521BA7B659009C1E34 /* Base */,
			);
			name = LaunchScreen.xib;
			sourceTree = "<group>";
		};
/* End PBXVariantGroup section */

/* Begin XCBuildConfiguration section */
		FFDA44601BA7B659009C1E34 /* Debug */ = {
			isa = XCBuildConfiguration;
			buildSettings = {
				ALWAYS_SEARCH_USER_PATHS = NO;
				CLANG_CXX_LANGUAGE_STANDARD = "gnu++0x";
				CLANG_CXX_LIBRARY = "libc++";
				CLANG_ENABLE_MODULES = YES;
				CLANG_ENABLE_OBJC_ARC = YES;
				CLANG_WARN_BOOL_CONVERSION = YES;
				CLANG_WARN_CONSTANT_CONVERSION = YES;
				CLANG_WARN_DIRECT_OBJC_ISA_USAGE = YES_ERROR;
				CLANG_WARN_EMPTY_BODY = YES;
				CLANG_WARN_ENUM_CONVERSION = YES;
				CLANG_WARN_INT_CONVERSION = YES;
				CLANG_WARN_OBJC_ROOT_CLASS = YES_ERROR;
				CLANG_WARN_UNREACHABLE_CODE = YES;
				CLANG_WARN__DUPLICATE_METHOD_MATCH = YES;
				"CODE_SIGN_IDENTITY[sdk=iphoneos*]" = "iPhone Developer";
				COPY_PHASE_STRIP = NO;
				ENABLE_STRICT_OBJC_MSGSEND = YES;
				GCC_C_LANGUAGE_STANDARD = gnu99;
				GCC_DYNAMIC_NO_PIC = NO;
				GCC_OPTIMIZATION_LEVEL = 0;
				GCC_PREPROCESSOR_DEFINITIONS = (
					"DEBUG=1",
					"$(inherited)",
				);
				GCC_SYMBOLS_PRIVATE_EXTERN = NO;
				GCC_WARN_64_TO_32_BIT_CONVERSION = YES;
				GCC_WARN_ABOUT_RETURN_TYPE = YES_ERROR;
				GCC_WARN_UNDECLARED_SELECTOR = YES;
				GCC_WARN_UNINITIALIZED_AUTOS = YES_AGGRESSIVE;
				GCC_WARN_UNUSED_FUNCTION = YES;
				GCC_WARN_UNUSED_VARIABLE = YES;
				IPHONEOS_DEPLOYMENT_TARGET = 8.1;
				MTL_ENABLE_DEBUG_INFO = YES;
				ONLY_ACTIVE_ARCH = YES;
				SDKROOT = iphoneos;
				TARGETED_DEVICE_FAMILY = "1,2";
			};
			name = Debug;
		};
		FFDA44611BA7B659009C1E34 /* Release */ = {
			isa = XCBuildConfiguration;
			buildSettings = {
				ALWAYS_SEARCH_USER_PATHS = NO;
				CLANG_CXX_LANGUAGE_STANDARD = "gnu++0x";
				CLANG_CXX_LIBRARY = "libc++";
				CLANG_ENABLE_MODULES = YES;
				CLANG_ENABLE_OBJC_ARC = YES;
				CLANG_WARN_BOOL_CONVERSION = YES;
				CLANG_WARN_CONSTANT_CONVERSION = YES;
				CLANG_WARN_DIRECT_OBJC_ISA_USAGE = YES_ERROR;
				CLANG_WARN_EMPTY_BODY = YES;
				CLANG_WARN_ENUM_CONVERSION = YES;
				CLANG_WARN_INT_CONVERSION = YES;
				CLANG_WARN_OBJC_ROOT_CLASS = YES_ERROR;
				CLANG_WARN_UNREACHABLE_CODE = YES;
				CLANG_WARN__DUPLICATE_METHOD_MATCH = YES;
				"CODE_SIGN_IDENTITY[sdk=iphoneos*]" = "iPhone Developer";
				COPY_PHASE_STRIP = YES;
				ENABLE_NS_ASSERTIONS = NO;
				ENABLE_STRICT_OBJC_MSGSEND = YES;
				GCC_C_LANGUAGE_STANDARD = gnu99;
				GCC_WARN_64_TO_32_BIT_CONVERSION = YES;
				GCC_WARN_ABOUT_RETURN_TYPE = YES_ERROR;
				GCC_WARN_UNDECLARED_SELECTOR = YES;
				GCC_WARN_UNINITIALIZED_AUTOS = YES_AGGRESSIVE;
				GCC_WARN_UNUSED_FUNCTION = YES;
				GCC_WARN_UNUSED_VARIABLE = YES;
				IPHONEOS_DEPLOYMENT_TARGET = 8.1;
				MTL_ENABLE_DEBUG_INFO = NO;
				SDKROOT = iphoneos;
				TARGETED_DEVICE_FAMILY = "1,2";
				VALIDATE_PRODUCT = YES;
			};
			name = Release;
		};
		FFDA44631BA7B659009C1E34 /* Debug */ = {
			isa = XCBuildConfiguration;
			baseConfigurationReference = 9BC2E8746E59B1AA173563EC /* Pods.debug.xcconfig */;
			buildSettings = {
				ASSETCATALOG_COMPILER_APPICON_NAME = AppIcon;
				GCC_PRECOMPILE_PREFIX_HEADER = NO;
				GCC_PREFIX_HEADER = "";
				INFOPLIST_FILE = TestApp/Info.plist;
				LD_RUNPATH_SEARCH_PATHS = "$(inherited) @executable_path/Frameworks";
				PRODUCT_NAME = "$(TARGET_NAME)";
			};
			name = Debug;
		};
		FFDA44641BA7B659009C1E34 /* Release */ = {
			isa = XCBuildConfiguration;
			baseConfigurationReference = E9F36856A80EAC64B0F95E9B /* Pods.release.xcconfig */;
			buildSettings = {
				ASSETCATALOG_COMPILER_APPICON_NAME = AppIcon;
				GCC_PRECOMPILE_PREFIX_HEADER = NO;
				GCC_PREFIX_HEADER = "";
				INFOPLIST_FILE = TestApp/Info.plist;
				LD_RUNPATH_SEARCH_PATHS = "$(inherited) @executable_path/Frameworks";
				PRODUCT_NAME = "$(TARGET_NAME)";
			};
			name = Release;
		};
		FFDA44661BA7B659009C1E34 /* Debug */ = {
			isa = XCBuildConfiguration;
			baseConfigurationReference = 67CED7AFBA1166512CF2B91D /* Pods-TestAppTests.debug.xcconfig */;
			buildSettings = {
				BUNDLE_LOADER = "$(TEST_HOST)";
				FRAMEWORK_SEARCH_PATHS = (
					"$(SDKROOT)/Developer/Library/Frameworks",
					"$(inherited)",
				);
				GCC_PREPROCESSOR_DEFINITIONS = (
					"DEBUG=1",
					"$(inherited)",
				);
				INFOPLIST_FILE = TestAppTests/Info.plist;
				LD_RUNPATH_SEARCH_PATHS = "$(inherited) @executable_path/Frameworks @loader_path/Frameworks";
				PRODUCT_NAME = "$(TARGET_NAME)";
				TEST_HOST = "$(BUILT_PRODUCTS_DIR)/TestApp.app/TestApp";
			};
			name = Debug;
		};
		FFDA44671BA7B659009C1E34 /* Release */ = {
			isa = XCBuildConfiguration;
			baseConfigurationReference = D5AFE19E630EB3540D517329 /* Pods-TestAppTests.release.xcconfig */;
			buildSettings = {
				BUNDLE_LOADER = "$(TEST_HOST)";
				FRAMEWORK_SEARCH_PATHS = (
					"$(SDKROOT)/Developer/Library/Frameworks",
					"$(inherited)",
				);
				INFOPLIST_FILE = TestAppTests/Info.plist;
				LD_RUNPATH_SEARCH_PATHS = "$(inherited) @executable_path/Frameworks @loader_path/Frameworks";
				PRODUCT_NAME = "$(TARGET_NAME)";
				TEST_HOST = "$(BUILT_PRODUCTS_DIR)/TestApp.app/TestApp";
			};
			name = Release;
		};
/* End XCBuildConfiguration section */

/* Begin XCConfigurationList section */
		FFDA443A1BA7B658009C1E34 /* Build configuration list for PBXProject "TestApp" */ = {
			isa = XCConfigurationList;
			buildConfigurations = (
				FFDA44601BA7B659009C1E34 /* Debug */,
				FFDA44611BA7B659009C1E34 /* Release */,
			);
			defaultConfigurationIsVisible = 0;
			defaultConfigurationName = Release;
		};
		FFDA44621BA7B659009C1E34 /* Build configuration list for PBXNativeTarget "TestApp" */ = {
			isa = XCConfigurationList;
			buildConfigurations = (
				FFDA44631BA7B659009C1E34 /* Debug */,
				FFDA44641BA7B659009C1E34 /* Release */,
			);
			defaultConfigurationIsVisible = 0;
			defaultConfigurationName = Release;
		};
		FFDA44651BA7B659009C1E34 /* Build configuration list for PBXNativeTarget "TestAppTests" */ = {
			isa = XCConfigurationList;
			buildConfigurations = (
				FFDA44661BA7B659009C1E34 /* Debug */,
				FFDA44671BA7B659009C1E34 /* Release */,
			);
			defaultConfigurationIsVisible = 0;
			defaultConfigurationName = Release;
		};
/* End XCConfigurationList section */
	};
	rootObject = FFDA44371BA7B658009C1E34 /* Project object */;
}
